
Microsoft Visual Studio Solution File, Format Version 12.00
# Visual Studio Version 17
VisualStudioVersion = 17.1.32328.378
MinimumVisualStudioVersion = 10.0.40219.1
Project("{FAE04EC0-301F-11D3-BF4B-00C04F79EFBC}") = "IncomManagement", "IncomManagement\IncomManagement.csproj", "{8B905A80-1627-4908-8C73-407A977BF336}"
EndProject
Project("{9A19103F-16F7-4668-BE54-9A1E7A4F7556}") = "ExpenseManagement.DataAccess", "..\ExpenseManagement\ExpenseManagement.DataAccess\ExpenseManagement.DataAccess.csproj", "{E53F32D9-7D0A-4AB7-8C0F-62D40B84C9F4}"
EndProject
Global
	GlobalSection(SolutionConfigurationPlatforms) = preSolution
		Debug|Any CPU = Debug|Any CPU
		Release|Any CPU = Release|Any CPU
	EndGlobalSection
	GlobalSection(ProjectConfigurationPlatforms) = postSolution
		{8B905A80-1627-4908-8C73-407A977BF336}.Debug|Any CPU.ActiveCfg = Debug|Any CPU
		{8B905A80-1627-4908-8C73-407A977BF336}.Debug|Any CPU.Build.0 = Debug|Any CPU
		{8B905A80-1627-4908-8C73-407A977BF336}.Release|Any CPU.ActiveCfg = Release|Any CPU
		{8B905A80-1627-4908-8C73-407A977BF336}.Release|Any CPU.Build.0 = Release|Any CPU
		{E53F32D9-7D0A-4AB7-8C0F-62D40B84C9F4}.Debug|Any CPU.ActiveCfg = Debug|Any CPU
		{E53F32D9-7D0A-4AB7-8C0F-62D40B84C9F4}.Debug|Any CPU.Build.0 = Debug|Any CPU
		{E53F32D9-7D0A-4AB7-8C0F-62D40B84C9F4}.Release|Any CPU.ActiveCfg = Release|Any CPU
		{E53F32D9-7D0A-4AB7-8C0F-62D40B84C9F4}.Release|Any CPU.Build.0 = Release|Any CPU
	EndGlobalSection
	GlobalSection(SolutionProperties) = preSolution
		HideSolutionNode = FALSE
	EndGlobalSection
	GlobalSection(ExtensibilityGlobals) = postSolution
		SolutionGuid = {98EACA16-D8CC-45E7-BAFB-491E74413940}
	EndGlobalSection
EndGlobal
